// !$*UTF8*$!
{
	archiveVersion = 1;
	classes = {
	};
	objectVersion = 56;
	objects = {

/* Begin PBXBuildFile section */
		3917B89E296E093A004BF3C5 /* ServiceTerminalData.swift in Sources */ = {isa = PBXBuildFile; fileRef = 3917B89D296E093A004BF3C5 /* ServiceTerminalData.swift */; };
		3935E4C4295B81CC00530BD5 /* MainViewController.swift in Sources */ = {isa = PBXBuildFile; fileRef = 3935E4C3295B81CC00530BD5 /* MainViewController.swift */; };
		394C4A40296EFDB200E01FB3 /* BranchBankData.swift in Sources */ = {isa = PBXBuildFile; fileRef = 394C4A3F296EFDB200E01FB3 /* BranchBankData.swift */; };
		394C4A42296F6BAC00E01FB3 /* MKAnnotatedBranchBank.swift in Sources */ = {isa = PBXBuildFile; fileRef = 394C4A41296F6BAC00E01FB3 /* MKAnnotatedBranchBank.swift */; };
		394C4A44296F70A200E01FB3 /* MKAnnotatedServiceTerminal.swift in Sources */ = {isa = PBXBuildFile; fileRef = 394C4A43296F70A200E01FB3 /* MKAnnotatedServiceTerminal.swift */; };
		39764654297C725E006BEC26 /* MainScenePresenter.swift in Sources */ = {isa = PBXBuildFile; fileRef = 3976464E297C725E006BEC26 /* MainScenePresenter.swift */; };
		39764655297C725E006BEC26 /* MainSceneWorker.swift in Sources */ = {isa = PBXBuildFile; fileRef = 3976464F297C725E006BEC26 /* MainSceneWorker.swift */; };
		39764656297C725E006BEC26 /* MainSceneRouter.swift in Sources */ = {isa = PBXBuildFile; fileRef = 39764650297C725E006BEC26 /* MainSceneRouter.swift */; };
		39764657297C725E006BEC26 /* MainSceneModels.swift in Sources */ = {isa = PBXBuildFile; fileRef = 39764651297C725E006BEC26 /* MainSceneModels.swift */; };
		39764658297C725E006BEC26 /* MainSceneViewController.swift in Sources */ = {isa = PBXBuildFile; fileRef = 39764652297C725E006BEC26 /* MainSceneViewController.swift */; };
		39764659297C725E006BEC26 /* MainSceneInteractor.swift in Sources */ = {isa = PBXBuildFile; fileRef = 39764653297C725E006BEC26 /* MainSceneInteractor.swift */; };
		39764663297C7F37006BEC26 /* MapScenePresenter.swift in Sources */ = {isa = PBXBuildFile; fileRef = 3976465D297C7F37006BEC26 /* MapScenePresenter.swift */; };
		39764665297C7F37006BEC26 /* MapSceneRouter.swift in Sources */ = {isa = PBXBuildFile; fileRef = 3976465F297C7F37006BEC26 /* MapSceneRouter.swift */; };
		39764666297C7F37006BEC26 /* MapSceneModels.swift in Sources */ = {isa = PBXBuildFile; fileRef = 39764660297C7F37006BEC26 /* MapSceneModels.swift */; };
		39764667297C7F37006BEC26 /* MapSceneViewController.swift in Sources */ = {isa = PBXBuildFile; fileRef = 39764661297C7F37006BEC26 /* MapSceneViewController.swift */; };
		39764668297C7F37006BEC26 /* MapSceneInteractor.swift in Sources */ = {isa = PBXBuildFile; fileRef = 39764662297C7F37006BEC26 /* MapSceneInteractor.swift */; };
		3976466D297CA6B0006BEC26 /* MapSceneDBWorker.swift in Sources */ = {isa = PBXBuildFile; fileRef = 3976466C297CA6B0006BEC26 /* MapSceneDBWorker.swift */; };
		399FCA7029662C840050C814 /* ATMDetailedInfoViewController.swift in Sources */ = {isa = PBXBuildFile; fileRef = 399FCA6F29662C840050C814 /* ATMDetailedInfoViewController.swift */; };
		399FCA722968C18D0050C814 /* ServicesFormatter.swift in Sources */ = {isa = PBXBuildFile; fileRef = 399FCA712968C18D0050C814 /* ServicesFormatter.swift */; };
		399FCA742968CDA80050C814 /* CardsFormatter.swift in Sources */ = {isa = PBXBuildFile; fileRef = 399FCA732968CDA80050C814 /* CardsFormatter.swift */; };
		399FCA772969DCF70050C814 /* ATMCollectionViewCell.swift in Sources */ = {isa = PBXBuildFile; fileRef = 399FCA762969DCF70050C814 /* ATMCollectionViewCell.swift */; };
		39B74552295B7FED000AACE1 /* AppDelegate.swift in Sources */ = {isa = PBXBuildFile; fileRef = 39B74551295B7FED000AACE1 /* AppDelegate.swift */; };
		39B74554295B7FED000AACE1 /* SceneDelegate.swift in Sources */ = {isa = PBXBuildFile; fileRef = 39B74553295B7FED000AACE1 /* SceneDelegate.swift */; };
		39B7455B295B7FEE000AACE1 /* Assets.xcassets in Resources */ = {isa = PBXBuildFile; fileRef = 39B7455A295B7FEE000AACE1 /* Assets.xcassets */; };
		39B7455E295B7FEE000AACE1 /* LaunchScreen.storyboard in Resources */ = {isa = PBXBuildFile; fileRef = 39B7455C295B7FEE000AACE1 /* LaunchScreen.storyboard */; };
		39C94BCF2978A3C6006AA200 /* ClvrtcTaskFourDataModel.xcdatamodeld in Sources */ = {isa = PBXBuildFile; fileRef = 39C94BCD2978A3C6006AA200 /* ClvrtcTaskFourDataModel.xcdatamodeld */; };
		39C94BD32978A8B2006AA200 /* DataPersistenceManager.swift in Sources */ = {isa = PBXBuildFile; fileRef = 39C94BD22978A8B2006AA200 /* DataPersistenceManager.swift */; };
		39D3A8B02972D47200B9C797 /* BranchBankCalloutView.swift in Sources */ = {isa = PBXBuildFile; fileRef = 39D3A8AF2972D47200B9C797 /* BranchBankCalloutView.swift */; };
		39D3A8B22972DB8100B9C797 /* ServiceTerminalCalloutView.swift in Sources */ = {isa = PBXBuildFile; fileRef = 39D3A8B12972DB8100B9C797 /* ServiceTerminalCalloutView.swift */; };
		39D3A8BE2974951900B9C797 /* MKAnnotatedFacility.swift in Sources */ = {isa = PBXBuildFile; fileRef = 39D3A8BD2974951900B9C797 /* MKAnnotatedFacility.swift */; };
		39DF2995296B0CF3001194A1 /* ATMCollectionHeader.swift in Sources */ = {isa = PBXBuildFile; fileRef = 39DF2994296B0CF3001194A1 /* ATMCollectionHeader.swift */; };
		39DF299E296B9AD1001194A1 /* Reachability.swift in Sources */ = {isa = PBXBuildFile; fileRef = 39DF299D296B9AD1001194A1 /* Reachability.swift */; };
		39F8E34F295CC37B00C841F7 /* MapViewController.swift in Sources */ = {isa = PBXBuildFile; fileRef = 39F8E34E295CC37B00C841F7 /* MapViewController.swift */; };
		39F8E351295CC3DF00C841F7 /* ATMViewController.swift in Sources */ = {isa = PBXBuildFile; fileRef = 39F8E350295CC3DF00C841F7 /* ATMViewController.swift */; };
		39F8E354295F338500C841F7 /* NetworkManager.swift in Sources */ = {isa = PBXBuildFile; fileRef = 39F8E353295F338500C841F7 /* NetworkManager.swift */; };
		39F8E357295F33B700C841F7 /* ATMData.swift in Sources */ = {isa = PBXBuildFile; fileRef = 39F8E356295F33B700C841F7 /* ATMData.swift */; };
		39F8E3612964218300C841F7 /* MKAnnotatedATM.swift in Sources */ = {isa = PBXBuildFile; fileRef = 39F8E3602964218300C841F7 /* MKAnnotatedATM.swift */; };
		39F8E3652964C46A00C841F7 /* ATMCalloutView.swift in Sources */ = {isa = PBXBuildFile; fileRef = 39F8E3642964C46A00C841F7 /* ATMCalloutView.swift */; };
		39F8E3692965B69600C841F7 /* DatesFormatter.swift in Sources */ = {isa = PBXBuildFile; fileRef = 39F8E3682965B69600C841F7 /* DatesFormatter.swift */; };
		E70DB38E14C26F9D08D8F4E8 /* Pods_ClvrtcTaskFour.framework in Frameworks */ = {isa = PBXBuildFile; fileRef = 0E63CC0523A0FD7B5D2E3E8B /* Pods_ClvrtcTaskFour.framework */; };
/* End PBXBuildFile section */

/* Begin PBXFileReference section */
		0E63CC0523A0FD7B5D2E3E8B /* Pods_ClvrtcTaskFour.framework */ = {isa = PBXFileReference; explicitFileType = wrapper.framework; includeInIndex = 0; path = Pods_ClvrtcTaskFour.framework; sourceTree = BUILT_PRODUCTS_DIR; };
		2A389867F1043C684F0106F9 /* Pods-ClvrtcTaskFour.release.xcconfig */ = {isa = PBXFileReference; includeInIndex = 1; lastKnownFileType = text.xcconfig; name = "Pods-ClvrtcTaskFour.release.xcconfig"; path = "Target Support Files/Pods-ClvrtcTaskFour/Pods-ClvrtcTaskFour.release.xcconfig"; sourceTree = "<group>"; };
		3917B89D296E093A004BF3C5 /* ServiceTerminalData.swift */ = {isa = PBXFileReference; lastKnownFileType = sourcecode.swift; path = ServiceTerminalData.swift; sourceTree = "<group>"; };
		3935E4C3295B81CC00530BD5 /* MainViewController.swift */ = {isa = PBXFileReference; lastKnownFileType = sourcecode.swift; path = MainViewController.swift; sourceTree = "<group>"; };
		394C4A3F296EFDB200E01FB3 /* BranchBankData.swift */ = {isa = PBXFileReference; lastKnownFileType = sourcecode.swift; path = BranchBankData.swift; sourceTree = "<group>"; };
		394C4A41296F6BAC00E01FB3 /* MKAnnotatedBranchBank.swift */ = {isa = PBXFileReference; lastKnownFileType = sourcecode.swift; path = MKAnnotatedBranchBank.swift; sourceTree = "<group>"; };
		394C4A43296F70A200E01FB3 /* MKAnnotatedServiceTerminal.swift */ = {isa = PBXFileReference; lastKnownFileType = sourcecode.swift; path = MKAnnotatedServiceTerminal.swift; sourceTree = "<group>"; };
		3976464E297C725E006BEC26 /* MainScenePresenter.swift */ = {isa = PBXFileReference; lastKnownFileType = sourcecode.swift; path = MainScenePresenter.swift; sourceTree = "<group>"; };
		3976464F297C725E006BEC26 /* MainSceneWorker.swift */ = {isa = PBXFileReference; lastKnownFileType = sourcecode.swift; path = MainSceneWorker.swift; sourceTree = "<group>"; };
		39764650297C725E006BEC26 /* MainSceneRouter.swift */ = {isa = PBXFileReference; lastKnownFileType = sourcecode.swift; path = MainSceneRouter.swift; sourceTree = "<group>"; };
		39764651297C725E006BEC26 /* MainSceneModels.swift */ = {isa = PBXFileReference; lastKnownFileType = sourcecode.swift; path = MainSceneModels.swift; sourceTree = "<group>"; };
		39764652297C725E006BEC26 /* MainSceneViewController.swift */ = {isa = PBXFileReference; lastKnownFileType = sourcecode.swift; path = MainSceneViewController.swift; sourceTree = "<group>"; };
		39764653297C725E006BEC26 /* MainSceneInteractor.swift */ = {isa = PBXFileReference; lastKnownFileType = sourcecode.swift; path = MainSceneInteractor.swift; sourceTree = "<group>"; };
		3976465D297C7F37006BEC26 /* MapScenePresenter.swift */ = {isa = PBXFileReference; lastKnownFileType = sourcecode.swift; path = MapScenePresenter.swift; sourceTree = "<group>"; };
		3976465F297C7F37006BEC26 /* MapSceneRouter.swift */ = {isa = PBXFileReference; lastKnownFileType = sourcecode.swift; path = MapSceneRouter.swift; sourceTree = "<group>"; };
		39764660297C7F37006BEC26 /* MapSceneModels.swift */ = {isa = PBXFileReference; lastKnownFileType = sourcecode.swift; path = MapSceneModels.swift; sourceTree = "<group>"; };
		39764661297C7F37006BEC26 /* MapSceneViewController.swift */ = {isa = PBXFileReference; lastKnownFileType = sourcecode.swift; path = MapSceneViewController.swift; sourceTree = "<group>"; };
		39764662297C7F37006BEC26 /* MapSceneInteractor.swift */ = {isa = PBXFileReference; lastKnownFileType = sourcecode.swift; path = MapSceneInteractor.swift; sourceTree = "<group>"; };
		3976466C297CA6B0006BEC26 /* MapSceneDBWorker.swift */ = {isa = PBXFileReference; lastKnownFileType = sourcecode.swift; path = MapSceneDBWorker.swift; sourceTree = "<group>"; };
		399FCA6F29662C840050C814 /* ATMDetailedInfoViewController.swift */ = {isa = PBXFileReference; lastKnownFileType = sourcecode.swift; path = ATMDetailedInfoViewController.swift; sourceTree = "<group>"; };
		399FCA712968C18D0050C814 /* ServicesFormatter.swift */ = {isa = PBXFileReference; lastKnownFileType = sourcecode.swift; path = ServicesFormatter.swift; sourceTree = "<group>"; };
		399FCA732968CDA80050C814 /* CardsFormatter.swift */ = {isa = PBXFileReference; lastKnownFileType = sourcecode.swift; path = CardsFormatter.swift; sourceTree = "<group>"; };
		399FCA762969DCF70050C814 /* ATMCollectionViewCell.swift */ = {isa = PBXFileReference; lastKnownFileType = sourcecode.swift; path = ATMCollectionViewCell.swift; sourceTree = "<group>"; };
		39B7454E295B7FED000AACE1 /* ClvrtcTaskFour.app */ = {isa = PBXFileReference; explicitFileType = wrapper.application; includeInIndex = 0; path = ClvrtcTaskFour.app; sourceTree = BUILT_PRODUCTS_DIR; };
		39B74551295B7FED000AACE1 /* AppDelegate.swift */ = {isa = PBXFileReference; lastKnownFileType = sourcecode.swift; path = AppDelegate.swift; sourceTree = "<group>"; };
		39B74553295B7FED000AACE1 /* SceneDelegate.swift */ = {isa = PBXFileReference; lastKnownFileType = sourcecode.swift; path = SceneDelegate.swift; sourceTree = "<group>"; };
		39B7455A295B7FEE000AACE1 /* Assets.xcassets */ = {isa = PBXFileReference; lastKnownFileType = folder.assetcatalog; path = Assets.xcassets; sourceTree = "<group>"; };
		39B7455D295B7FEE000AACE1 /* Base */ = {isa = PBXFileReference; lastKnownFileType = file.storyboard; name = Base; path = Base.lproj/LaunchScreen.storyboard; sourceTree = "<group>"; };
		39B7455F295B7FEE000AACE1 /* Info.plist */ = {isa = PBXFileReference; lastKnownFileType = text.plist.xml; path = Info.plist; sourceTree = "<group>"; };
		39C94BCE2978A3C6006AA200 /* ClvrtcTaskFourDataModel.xcdatamodel */ = {isa = PBXFileReference; lastKnownFileType = wrapper.xcdatamodel; path = ClvrtcTaskFourDataModel.xcdatamodel; sourceTree = "<group>"; };
		39C94BD22978A8B2006AA200 /* DataPersistenceManager.swift */ = {isa = PBXFileReference; lastKnownFileType = sourcecode.swift; path = DataPersistenceManager.swift; sourceTree = "<group>"; };
		39D3A8AF2972D47200B9C797 /* BranchBankCalloutView.swift */ = {isa = PBXFileReference; lastKnownFileType = sourcecode.swift; path = BranchBankCalloutView.swift; sourceTree = "<group>"; };
		39D3A8B12972DB8100B9C797 /* ServiceTerminalCalloutView.swift */ = {isa = PBXFileReference; lastKnownFileType = sourcecode.swift; path = ServiceTerminalCalloutView.swift; sourceTree = "<group>"; };
		39D3A8BD2974951900B9C797 /* MKAnnotatedFacility.swift */ = {isa = PBXFileReference; lastKnownFileType = sourcecode.swift; path = MKAnnotatedFacility.swift; sourceTree = "<group>"; };
		39DF2994296B0CF3001194A1 /* ATMCollectionHeader.swift */ = {isa = PBXFileReference; lastKnownFileType = sourcecode.swift; path = ATMCollectionHeader.swift; sourceTree = "<group>"; };
		39DF299D296B9AD1001194A1 /* Reachability.swift */ = {isa = PBXFileReference; lastKnownFileType = sourcecode.swift; path = Reachability.swift; sourceTree = "<group>"; };
		39F8E34E295CC37B00C841F7 /* MapViewController.swift */ = {isa = PBXFileReference; lastKnownFileType = sourcecode.swift; path = MapViewController.swift; sourceTree = "<group>"; };
		39F8E350295CC3DF00C841F7 /* ATMViewController.swift */ = {isa = PBXFileReference; lastKnownFileType = sourcecode.swift; path = ATMViewController.swift; sourceTree = "<group>"; };
		39F8E353295F338500C841F7 /* NetworkManager.swift */ = {isa = PBXFileReference; lastKnownFileType = sourcecode.swift; path = NetworkManager.swift; sourceTree = "<group>"; };
		39F8E356295F33B700C841F7 /* ATMData.swift */ = {isa = PBXFileReference; lastKnownFileType = sourcecode.swift; path = ATMData.swift; sourceTree = "<group>"; };
		39F8E3602964218300C841F7 /* MKAnnotatedATM.swift */ = {isa = PBXFileReference; lastKnownFileType = sourcecode.swift; path = MKAnnotatedATM.swift; sourceTree = "<group>"; };
		39F8E3642964C46A00C841F7 /* ATMCalloutView.swift */ = {isa = PBXFileReference; lastKnownFileType = sourcecode.swift; path = ATMCalloutView.swift; sourceTree = "<group>"; };
		39F8E3682965B69600C841F7 /* DatesFormatter.swift */ = {isa = PBXFileReference; lastKnownFileType = sourcecode.swift; path = DatesFormatter.swift; sourceTree = "<group>"; };
		9D0EB33A37D95188921BD6DA /* Pods-ClvrtcTaskFour.debug.xcconfig */ = {isa = PBXFileReference; includeInIndex = 1; lastKnownFileType = text.xcconfig; name = "Pods-ClvrtcTaskFour.debug.xcconfig"; path = "Target Support Files/Pods-ClvrtcTaskFour/Pods-ClvrtcTaskFour.debug.xcconfig"; sourceTree = "<group>"; };
/* End PBXFileReference section */

/* Begin PBXFrameworksBuildPhase section */
		39B7454B295B7FED000AACE1 /* Frameworks */ = {
			isa = PBXFrameworksBuildPhase;
			buildActionMask = 2147483647;
			files = (
				E70DB38E14C26F9D08D8F4E8 /* Pods_ClvrtcTaskFour.framework in Frameworks */,
			);
			runOnlyForDeploymentPostprocessing = 0;
		};
/* End PBXFrameworksBuildPhase section */

/* Begin PBXGroup section */
		206CAE5BADB908F07C525DD5 /* Pods */ = {
			isa = PBXGroup;
			children = (
				9D0EB33A37D95188921BD6DA /* Pods-ClvrtcTaskFour.debug.xcconfig */,
				2A389867F1043C684F0106F9 /* Pods-ClvrtcTaskFour.release.xcconfig */,
			);
			path = Pods;
			sourceTree = "<group>";
		};
		3917B899296E02DC004BF3C5 /* ATM */ = {
			isa = PBXGroup;
			children = (
				39F8E356295F33B700C841F7 /* ATMData.swift */,
				39F8E3602964218300C841F7 /* MKAnnotatedATM.swift */,
			);
			path = ATM;
			sourceTree = "<group>";
		};
		3917B89A296E0356004BF3C5 /* ServiceTerminal */ = {
			isa = PBXGroup;
			children = (
				3917B89D296E093A004BF3C5 /* ServiceTerminalData.swift */,
				394C4A43296F70A200E01FB3 /* MKAnnotatedServiceTerminal.swift */,
			);
			path = ServiceTerminal;
			sourceTree = "<group>";
		};
		3917B89F296E0A89004BF3C5 /* BranchBank */ = {
			isa = PBXGroup;
			children = (
				394C4A3F296EFDB200E01FB3 /* BranchBankData.swift */,
				394C4A41296F6BAC00E01FB3 /* MKAnnotatedBranchBank.swift */,
			);
			path = BranchBank;
			sourceTree = "<group>";
		};
		3935E4C2295B816A00530BD5 /* Controllers */ = {
			isa = PBXGroup;
			children = (
				3935E4C3295B81CC00530BD5 /* MainViewController.swift */,
				39F8E34E295CC37B00C841F7 /* MapViewController.swift */,
				39F8E350295CC3DF00C841F7 /* ATMViewController.swift */,
				399FCA6F29662C840050C814 /* ATMDetailedInfoViewController.swift */,
				399FCA752969DCCE0050C814 /* Cells */,
			);
			path = Controllers;
			sourceTree = "<group>";
		};
		3976465A297C7277006BEC26 /* MainScene */ = {
			isa = PBXGroup;
			children = (
				3976464E297C725E006BEC26 /* MainScenePresenter.swift */,
				3976464F297C725E006BEC26 /* MainSceneWorker.swift */,
				39764650297C725E006BEC26 /* MainSceneRouter.swift */,
				39764651297C725E006BEC26 /* MainSceneModels.swift */,
				39764652297C725E006BEC26 /* MainSceneViewController.swift */,
				39764653297C725E006BEC26 /* MainSceneInteractor.swift */,
			);
			path = MainScene;
			sourceTree = "<group>";
		};
		3976465B297C7297006BEC26 /* Scenes */ = {
			isa = PBXGroup;
			children = (
				3976465A297C7277006BEC26 /* MainScene */,
				3976465C297C7F0B006BEC26 /* MapScene */,
			);
			path = Scenes;
			sourceTree = "<group>";
		};
		3976465C297C7F0B006BEC26 /* MapScene */ = {
			isa = PBXGroup;
			children = (
				3976465D297C7F37006BEC26 /* MapScenePresenter.swift */,
				3976466C297CA6B0006BEC26 /* MapSceneDBWorker.swift */,
				3976465F297C7F37006BEC26 /* MapSceneRouter.swift */,
				39764660297C7F37006BEC26 /* MapSceneModels.swift */,
				39764661297C7F37006BEC26 /* MapSceneViewController.swift */,
				39764662297C7F37006BEC26 /* MapSceneInteractor.swift */,
			);
			path = MapScene;
			sourceTree = "<group>";
		};
		399FCA752969DCCE0050C814 /* Cells */ = {
			isa = PBXGroup;
			children = (
				399FCA762969DCF70050C814 /* ATMCollectionViewCell.swift */,
				39DF2993296B0C96001194A1 /* Headers */,
			);
			path = Cells;
			sourceTree = "<group>";
		};
		39B74545295B7FED000AACE1 = {
			isa = PBXGroup;
			children = (
				39B74550295B7FED000AACE1 /* ClvrtcTaskFour */,
				39B7454F295B7FED000AACE1 /* Products */,
				206CAE5BADB908F07C525DD5 /* Pods */,
				F726940849EB68394EC23199 /* Frameworks */,
			);
			sourceTree = "<group>";
		};
		39B7454F295B7FED000AACE1 /* Products */ = {
			isa = PBXGroup;
			children = (
				39B7454E295B7FED000AACE1 /* ClvrtcTaskFour.app */,
			);
			name = Products;
			sourceTree = "<group>";
		};
		39B74550295B7FED000AACE1 /* ClvrtcTaskFour */ = {
			isa = PBXGroup;
			children = (
				39B74566295B80DA000AACE1 /* Application */,
				39C94BD02978A767006AA200 /* Managers */,
				3976465B297C7297006BEC26 /* Scenes */,
				3935E4C2295B816A00530BD5 /* Controllers */,
				39F8E355295F339600C841F7 /* Models */,
				39F8E35E29639DC600C841F7 /* Views */,
				39B74567295B80EC000AACE1 /* Resources */,
				39F8E36B2965C0CE00C841F7 /* Helpers */,
			);
			path = ClvrtcTaskFour;
			sourceTree = "<group>";
		};
		39B74566295B80DA000AACE1 /* Application */ = {
			isa = PBXGroup;
			children = (
				39B74551295B7FED000AACE1 /* AppDelegate.swift */,
				39B74553295B7FED000AACE1 /* SceneDelegate.swift */,
				39DF299C296B9AA9001194A1 /* Configs */,
			);
			path = Application;
			sourceTree = "<group>";
		};
		39B74567295B80EC000AACE1 /* Resources */ = {
			isa = PBXGroup;
			children = (
				39B7455A295B7FEE000AACE1 /* Assets.xcassets */,
				39B7455C295B7FEE000AACE1 /* LaunchScreen.storyboard */,
				39B7455F295B7FEE000AACE1 /* Info.plist */,
			);
			path = Resources;
			sourceTree = "<group>";
		};
		39C94BD02978A767006AA200 /* Managers */ = {
			isa = PBXGroup;
			children = (
				39C94BD12978A788006AA200 /* DataPersistenceManager */,
				39F8E352295F336500C841F7 /* NetworkManager */,
			);
			path = Managers;
			sourceTree = "<group>";
		};
		39C94BD12978A788006AA200 /* DataPersistenceManager */ = {
			isa = PBXGroup;
			children = (
				39C94BD22978A8B2006AA200 /* DataPersistenceManager.swift */,
			);
			path = DataPersistenceManager;
			sourceTree = "<group>";
		};
		39D3A8B629737A2000B9C797 /* CalloutViews */ = {
			isa = PBXGroup;
			children = (
				39F8E3642964C46A00C841F7 /* ATMCalloutView.swift */,
				39D3A8AF2972D47200B9C797 /* BranchBankCalloutView.swift */,
				39D3A8B12972DB8100B9C797 /* ServiceTerminalCalloutView.swift */,
			);
			path = CalloutViews;
			sourceTree = "<group>";
		};
		39D3A8BF297499B800B9C797 /* Facility */ = {
			isa = PBXGroup;
			children = (
				39D3A8BD2974951900B9C797 /* MKAnnotatedFacility.swift */,
			);
			path = Facility;
			sourceTree = "<group>";
		};
		39DF2993296B0C96001194A1 /* Headers */ = {
			isa = PBXGroup;
			children = (
				39DF2994296B0CF3001194A1 /* ATMCollectionHeader.swift */,
			);
			path = Headers;
			sourceTree = "<group>";
		};
		39DF299C296B9AA9001194A1 /* Configs */ = {
			isa = PBXGroup;
			children = (
				39DF299D296B9AD1001194A1 /* Reachability.swift */,
			);
			path = Configs;
			sourceTree = "<group>";
		};
		39F8E352295F336500C841F7 /* NetworkManager */ = {
			isa = PBXGroup;
			children = (
				39F8E353295F338500C841F7 /* NetworkManager.swift */,
			);
			path = NetworkManager;
			sourceTree = "<group>";
		};
		39F8E355295F339600C841F7 /* Models */ = {
			isa = PBXGroup;
			children = (
				39C94BCD2978A3C6006AA200 /* ClvrtcTaskFourDataModel.xcdatamodeld */,
				3917B899296E02DC004BF3C5 /* ATM */,
				3917B89A296E0356004BF3C5 /* ServiceTerminal */,
				3917B89F296E0A89004BF3C5 /* BranchBank */,
				39D3A8BF297499B800B9C797 /* Facility */,
			);
			path = Models;
			sourceTree = "<group>";
		};
		39F8E35E29639DC600C841F7 /* Views */ = {
			isa = PBXGroup;
			children = (
				39D3A8B629737A2000B9C797 /* CalloutViews */,
			);
			path = Views;
			sourceTree = "<group>";
		};
		39F8E36B2965C0CE00C841F7 /* Helpers */ = {
			isa = PBXGroup;
			children = (
				39F8E3682965B69600C841F7 /* DatesFormatter.swift */,
				399FCA712968C18D0050C814 /* ServicesFormatter.swift */,
				399FCA732968CDA80050C814 /* CardsFormatter.swift */,
			);
			path = Helpers;
			sourceTree = "<group>";
		};
		F726940849EB68394EC23199 /* Frameworks */ = {
			isa = PBXGroup;
			children = (
				0E63CC0523A0FD7B5D2E3E8B /* Pods_ClvrtcTaskFour.framework */,
			);
			name = Frameworks;
			sourceTree = "<group>";
		};
/* End PBXGroup section */

/* Begin PBXNativeTarget section */
		39B7454D295B7FED000AACE1 /* ClvrtcTaskFour */ = {
			isa = PBXNativeTarget;
			buildConfigurationList = 39B74562295B7FEE000AACE1 /* Build configuration list for PBXNativeTarget "ClvrtcTaskFour" */;
			buildPhases = (
				9C912A253A220F317132BEC2 /* [CP] Check Pods Manifest.lock */,
				39B7454A295B7FED000AACE1 /* Sources */,
				39B7454B295B7FED000AACE1 /* Frameworks */,
				39B7454C295B7FED000AACE1 /* Resources */,
				3935E4C5295BA03300530BD5 /* ShellScript */,
				98FDCC3A81C95971E369B219 /* [CP] Embed Pods Frameworks */,
			);
			buildRules = (
			);
			dependencies = (
			);
			name = ClvrtcTaskFour;
			productName = ClvrtcTaskFour;
			productReference = 39B7454E295B7FED000AACE1 /* ClvrtcTaskFour.app */;
			productType = "com.apple.product-type.application";
		};
/* End PBXNativeTarget section */

/* Begin PBXProject section */
		39B74546295B7FED000AACE1 /* Project object */ = {
			isa = PBXProject;
			attributes = {
				BuildIndependentTargetsInParallel = 1;
				LastSwiftUpdateCheck = 1420;
				LastUpgradeCheck = 1420;
				TargetAttributes = {
					39B7454D295B7FED000AACE1 = {
						CreatedOnToolsVersion = 14.2;
					};
				};
			};
			buildConfigurationList = 39B74549295B7FED000AACE1 /* Build configuration list for PBXProject "ClvrtcTaskFour" */;
			compatibilityVersion = "Xcode 14.0";
			developmentRegion = en;
			hasScannedForEncodings = 0;
			knownRegions = (
				en,
				Base,
			);
			mainGroup = 39B74545295B7FED000AACE1;
			productRefGroup = 39B7454F295B7FED000AACE1 /* Products */;
			projectDirPath = "";
			projectRoot = "";
			targets = (
				39B7454D295B7FED000AACE1 /* ClvrtcTaskFour */,
			);
		};
/* End PBXProject section */

/* Begin PBXResourcesBuildPhase section */
		39B7454C295B7FED000AACE1 /* Resources */ = {
			isa = PBXResourcesBuildPhase;
			buildActionMask = 2147483647;
			files = (
				39B7455E295B7FEE000AACE1 /* LaunchScreen.storyboard in Resources */,
				39B7455B295B7FEE000AACE1 /* Assets.xcassets in Resources */,
			);
			runOnlyForDeploymentPostprocessing = 0;
		};
/* End PBXResourcesBuildPhase section */

/* Begin PBXShellScriptBuildPhase section */
		3935E4C5295BA03300530BD5 /* ShellScript */ = {
			isa = PBXShellScriptBuildPhase;
			buildActionMask = 2147483647;
			files = (
			);
			inputFileListPaths = (
			);
			inputPaths = (
			);
			outputFileListPaths = (
			);
			outputPaths = (
			);
			runOnlyForDeploymentPostprocessing = 0;
			shellPath = /bin/sh;
			shellScript = "alias swiftlint=\"/opt/homebrew/bin/swiftlint\"\n\nif swiftlint >/dev/null; then\n  swiftlint --fix\nelse\n  echo \"warning: SwiftLint not installed, download from https://github.com/realm/SwiftLint\"\nfi\n";
		};
		98FDCC3A81C95971E369B219 /* [CP] Embed Pods Frameworks */ = {
			isa = PBXShellScriptBuildPhase;
			buildActionMask = 2147483647;
			files = (
			);
			inputFileListPaths = (
				"${PODS_ROOT}/Target Support Files/Pods-ClvrtcTaskFour/Pods-ClvrtcTaskFour-frameworks-${CONFIGURATION}-input-files.xcfilelist",
			);
			name = "[CP] Embed Pods Frameworks";
			outputFileListPaths = (
				"${PODS_ROOT}/Target Support Files/Pods-ClvrtcTaskFour/Pods-ClvrtcTaskFour-frameworks-${CONFIGURATION}-output-files.xcfilelist",
			);
			runOnlyForDeploymentPostprocessing = 0;
			shellPath = /bin/sh;
			shellScript = "\"${PODS_ROOT}/Target Support Files/Pods-ClvrtcTaskFour/Pods-ClvrtcTaskFour-frameworks.sh\"\n";
			showEnvVarsInLog = 0;
		};
		9C912A253A220F317132BEC2 /* [CP] Check Pods Manifest.lock */ = {
			isa = PBXShellScriptBuildPhase;
			buildActionMask = 2147483647;
			files = (
			);
			inputFileListPaths = (
			);
			inputPaths = (
				"${PODS_PODFILE_DIR_PATH}/Podfile.lock",
				"${PODS_ROOT}/Manifest.lock",
			);
			name = "[CP] Check Pods Manifest.lock";
			outputFileListPaths = (
			);
			outputPaths = (
				"$(DERIVED_FILE_DIR)/Pods-ClvrtcTaskFour-checkManifestLockResult.txt",
			);
			runOnlyForDeploymentPostprocessing = 0;
			shellPath = /bin/sh;
			shellScript = "diff \"${PODS_PODFILE_DIR_PATH}/Podfile.lock\" \"${PODS_ROOT}/Manifest.lock\" > /dev/null\nif [ $? != 0 ] ; then\n    # print error to STDERR\n    echo \"error: The sandbox is not in sync with the Podfile.lock. Run 'pod install' or update your CocoaPods installation.\" >&2\n    exit 1\nfi\n# This output is used by Xcode 'outputs' to avoid re-running this script phase.\necho \"SUCCESS\" > \"${SCRIPT_OUTPUT_FILE_0}\"\n";
			showEnvVarsInLog = 0;
		};
/* End PBXShellScriptBuildPhase section */

/* Begin PBXSourcesBuildPhase section */
		39B7454A295B7FED000AACE1 /* Sources */ = {
			isa = PBXSourcesBuildPhase;
			buildActionMask = 2147483647;
			files = (
				39764656297C725E006BEC26 /* MainSceneRouter.swift in Sources */,
				39F8E3652964C46A00C841F7 /* ATMCalloutView.swift in Sources */,
				39764665297C7F37006BEC26 /* MapSceneRouter.swift in Sources */,
				39DF2995296B0CF3001194A1 /* ATMCollectionHeader.swift in Sources */,
				39D3A8B02972D47200B9C797 /* BranchBankCalloutView.swift in Sources */,
				39F8E354295F338500C841F7 /* NetworkManager.swift in Sources */,
				394C4A40296EFDB200E01FB3 /* BranchBankData.swift in Sources */,
				394C4A44296F70A200E01FB3 /* MKAnnotatedServiceTerminal.swift in Sources */,
				39764666297C7F37006BEC26 /* MapSceneModels.swift in Sources */,
				3976466D297CA6B0006BEC26 /* MapSceneDBWorker.swift in Sources */,
				39764657297C725E006BEC26 /* MainSceneModels.swift in Sources */,
				39764668297C7F37006BEC26 /* MapSceneInteractor.swift in Sources */,
				39F8E351295CC3DF00C841F7 /* ATMViewController.swift in Sources */,
				3935E4C4295B81CC00530BD5 /* MainViewController.swift in Sources */,
				39D3A8BE2974951900B9C797 /* MKAnnotatedFacility.swift in Sources */,
				3917B89E296E093A004BF3C5 /* ServiceTerminalData.swift in Sources */,
				39F8E3692965B69600C841F7 /* DatesFormatter.swift in Sources */,
				399FCA772969DCF70050C814 /* ATMCollectionViewCell.swift in Sources */,
				39B74552295B7FED000AACE1 /* AppDelegate.swift in Sources */,
				39D3A8B22972DB8100B9C797 /* ServiceTerminalCalloutView.swift in Sources */,
				394C4A42296F6BAC00E01FB3 /* MKAnnotatedBranchBank.swift in Sources */,
				39764659297C725E006BEC26 /* MainSceneInteractor.swift in Sources */,
				39B74554295B7FED000AACE1 /* SceneDelegate.swift in Sources */,
				39F8E357295F33B700C841F7 /* ATMData.swift in Sources */,
				39F8E34F295CC37B00C841F7 /* MapViewController.swift in Sources */,
				39764655297C725E006BEC26 /* MainSceneWorker.swift in Sources */,
				39764663297C7F37006BEC26 /* MapScenePresenter.swift in Sources */,
				39764654297C725E006BEC26 /* MainScenePresenter.swift in Sources */,
				399FCA742968CDA80050C814 /* CardsFormatter.swift in Sources */,
				39C94BD32978A8B2006AA200 /* DataPersistenceManager.swift in Sources */,
				399FCA7029662C840050C814 /* ATMDetailedInfoViewController.swift in Sources */,
				39764667297C7F37006BEC26 /* MapSceneViewController.swift in Sources */,
				39C94BCF2978A3C6006AA200 /* ClvrtcTaskFourDataModel.xcdatamodeld in Sources */,
				39764658297C725E006BEC26 /* MainSceneViewController.swift in Sources */,
				399FCA722968C18D0050C814 /* ServicesFormatter.swift in Sources */,
				39DF299E296B9AD1001194A1 /* Reachability.swift in Sources */,
				39F8E3612964218300C841F7 /* MKAnnotatedATM.swift in Sources */,
			);
			runOnlyForDeploymentPostprocessing = 0;
		};
/* End PBXSourcesBuildPhase section */

/* Begin PBXVariantGroup section */
		39B7455C295B7FEE000AACE1 /* LaunchScreen.storyboard */ = {
			isa = PBXVariantGroup;
			children = (
				39B7455D295B7FEE000AACE1 /* Base */,
			);
			name = LaunchScreen.storyboard;
			sourceTree = "<group>";
		};
/* End PBXVariantGroup section */

/* Begin XCBuildConfiguration section */
		39B74560295B7FEE000AACE1 /* Debug */ = {
			isa = XCBuildConfiguration;
			buildSettings = {
				ALWAYS_SEARCH_USER_PATHS = NO;
				CLANG_ANALYZER_NONNULL = YES;
				CLANG_ANALYZER_NUMBER_OBJECT_CONVERSION = YES_AGGRESSIVE;
				CLANG_CXX_LANGUAGE_STANDARD = "gnu++20";
				CLANG_ENABLE_MODULES = YES;
				CLANG_ENABLE_OBJC_ARC = YES;
				CLANG_ENABLE_OBJC_WEAK = YES;
				CLANG_WARN_BLOCK_CAPTURE_AUTORELEASING = YES;
				CLANG_WARN_BOOL_CONVERSION = YES;
				CLANG_WARN_COMMA = YES;
				CLANG_WARN_CONSTANT_CONVERSION = YES;
				CLANG_WARN_DEPRECATED_OBJC_IMPLEMENTATIONS = YES;
				CLANG_WARN_DIRECT_OBJC_ISA_USAGE = YES_ERROR;
				CLANG_WARN_DOCUMENTATION_COMMENTS = YES;
				CLANG_WARN_EMPTY_BODY = YES;
				CLANG_WARN_ENUM_CONVERSION = YES;
				CLANG_WARN_INFINITE_RECURSION = YES;
				CLANG_WARN_INT_CONVERSION = YES;
				CLANG_WARN_NON_LITERAL_NULL_CONVERSION = YES;
				CLANG_WARN_OBJC_IMPLICIT_RETAIN_SELF = YES;
				CLANG_WARN_OBJC_LITERAL_CONVERSION = YES;
				CLANG_WARN_OBJC_ROOT_CLASS = YES_ERROR;
				CLANG_WARN_QUOTED_INCLUDE_IN_FRAMEWORK_HEADER = YES;
				CLANG_WARN_RANGE_LOOP_ANALYSIS = YES;
				CLANG_WARN_STRICT_PROTOTYPES = YES;
				CLANG_WARN_SUSPICIOUS_MOVE = YES;
				CLANG_WARN_UNGUARDED_AVAILABILITY = YES_AGGRESSIVE;
				CLANG_WARN_UNREACHABLE_CODE = YES;
				CLANG_WARN__DUPLICATE_METHOD_MATCH = YES;
				COPY_PHASE_STRIP = NO;
				DEBUG_INFORMATION_FORMAT = dwarf;
				ENABLE_STRICT_OBJC_MSGSEND = YES;
				ENABLE_TESTABILITY = YES;
				GCC_C_LANGUAGE_STANDARD = gnu11;
				GCC_DYNAMIC_NO_PIC = NO;
				GCC_NO_COMMON_BLOCKS = YES;
				GCC_OPTIMIZATION_LEVEL = 0;
				GCC_PREPROCESSOR_DEFINITIONS = (
					"DEBUG=1",
					"$(inherited)",
				);
				GCC_WARN_64_TO_32_BIT_CONVERSION = YES;
				GCC_WARN_ABOUT_RETURN_TYPE = YES_ERROR;
				GCC_WARN_UNDECLARED_SELECTOR = YES;
				GCC_WARN_UNINITIALIZED_AUTOS = YES_AGGRESSIVE;
				GCC_WARN_UNUSED_FUNCTION = YES;
				GCC_WARN_UNUSED_VARIABLE = YES;
				IPHONEOS_DEPLOYMENT_TARGET = 16.2;
				MTL_ENABLE_DEBUG_INFO = INCLUDE_SOURCE;
				MTL_FAST_MATH = YES;
				ONLY_ACTIVE_ARCH = YES;
				SDKROOT = iphoneos;
				SWIFT_ACTIVE_COMPILATION_CONDITIONS = DEBUG;
				SWIFT_OPTIMIZATION_LEVEL = "-Onone";
			};
			name = Debug;
		};
		39B74561295B7FEE000AACE1 /* Release */ = {
			isa = XCBuildConfiguration;
			buildSettings = {
				ALWAYS_SEARCH_USER_PATHS = NO;
				CLANG_ANALYZER_NONNULL = YES;
				CLANG_ANALYZER_NUMBER_OBJECT_CONVERSION = YES_AGGRESSIVE;
				CLANG_CXX_LANGUAGE_STANDARD = "gnu++20";
				CLANG_ENABLE_MODULES = YES;
				CLANG_ENABLE_OBJC_ARC = YES;
				CLANG_ENABLE_OBJC_WEAK = YES;
				CLANG_WARN_BLOCK_CAPTURE_AUTORELEASING = YES;
				CLANG_WARN_BOOL_CONVERSION = YES;
				CLANG_WARN_COMMA = YES;
				CLANG_WARN_CONSTANT_CONVERSION = YES;
				CLANG_WARN_DEPRECATED_OBJC_IMPLEMENTATIONS = YES;
				CLANG_WARN_DIRECT_OBJC_ISA_USAGE = YES_ERROR;
				CLANG_WARN_DOCUMENTATION_COMMENTS = YES;
				CLANG_WARN_EMPTY_BODY = YES;
				CLANG_WARN_ENUM_CONVERSION = YES;
				CLANG_WARN_INFINITE_RECURSION = YES;
				CLANG_WARN_INT_CONVERSION = YES;
				CLANG_WARN_NON_LITERAL_NULL_CONVERSION = YES;
				CLANG_WARN_OBJC_IMPLICIT_RETAIN_SELF = YES;
				CLANG_WARN_OBJC_LITERAL_CONVERSION = YES;
				CLANG_WARN_OBJC_ROOT_CLASS = YES_ERROR;
				CLANG_WARN_QUOTED_INCLUDE_IN_FRAMEWORK_HEADER = YES;
				CLANG_WARN_RANGE_LOOP_ANALYSIS = YES;
				CLANG_WARN_STRICT_PROTOTYPES = YES;
				CLANG_WARN_SUSPICIOUS_MOVE = YES;
				CLANG_WARN_UNGUARDED_AVAILABILITY = YES_AGGRESSIVE;
				CLANG_WARN_UNREACHABLE_CODE = YES;
				CLANG_WARN__DUPLICATE_METHOD_MATCH = YES;
				COPY_PHASE_STRIP = NO;
				DEBUG_INFORMATION_FORMAT = "dwarf-with-dsym";
				ENABLE_NS_ASSERTIONS = NO;
				ENABLE_STRICT_OBJC_MSGSEND = YES;
				GCC_C_LANGUAGE_STANDARD = gnu11;
				GCC_NO_COMMON_BLOCKS = YES;
				GCC_WARN_64_TO_32_BIT_CONVERSION = YES;
				GCC_WARN_ABOUT_RETURN_TYPE = YES_ERROR;
				GCC_WARN_UNDECLARED_SELECTOR = YES;
				GCC_WARN_UNINITIALIZED_AUTOS = YES_AGGRESSIVE;
				GCC_WARN_UNUSED_FUNCTION = YES;
				GCC_WARN_UNUSED_VARIABLE = YES;
				IPHONEOS_DEPLOYMENT_TARGET = 16.2;
				MTL_ENABLE_DEBUG_INFO = NO;
				MTL_FAST_MATH = YES;
				SDKROOT = iphoneos;
				SWIFT_COMPILATION_MODE = wholemodule;
				SWIFT_OPTIMIZATION_LEVEL = "-O";
				VALIDATE_PRODUCT = YES;
			};
			name = Release;
		};
		39B74563295B7FEE000AACE1 /* Debug */ = {
			isa = XCBuildConfiguration;
			baseConfigurationReference = 9D0EB33A37D95188921BD6DA /* Pods-ClvrtcTaskFour.debug.xcconfig */;
			buildSettings = {
				ASSETCATALOG_COMPILER_APPICON_NAME = AppIcon;
				ASSETCATALOG_COMPILER_GLOBAL_ACCENT_COLOR_NAME = AccentColor;
				CODE_SIGN_STYLE = Automatic;
				CURRENT_PROJECT_VERSION = 1;
				DEVELOPMENT_TEAM = XPQ67UU8AY;
				GENERATE_INFOPLIST_FILE = YES;
				INFOPLIST_FILE = ClvrtcTaskFour/Resources/Info.plist;
				INFOPLIST_KEY_NSLocationWhenInUseUsageDescription = "This application requests access to your location";
				INFOPLIST_KEY_UIApplicationSupportsIndirectInputEvents = YES;
				INFOPLIST_KEY_UILaunchStoryboardName = LaunchScreen;
				INFOPLIST_KEY_UISupportedInterfaceOrientations_iPad = "UIInterfaceOrientationPortrait UIInterfaceOrientationPortraitUpsideDown UIInterfaceOrientationLandscapeLeft UIInterfaceOrientationLandscapeRight";
				INFOPLIST_KEY_UISupportedInterfaceOrientations_iPhone = "UIInterfaceOrientationPortrait UIInterfaceOrientationLandscapeLeft UIInterfaceOrientationLandscapeRight";
				LD_RUNPATH_SEARCH_PATHS = (
					"$(inherited)",
					"@executable_path/Frameworks",
				);
				MARKETING_VERSION = 1.0;
				PRODUCT_BUNDLE_IDENTIFIER = Clevertec.Beldeiko.ClvrtcTaskFour;
				PRODUCT_NAME = "$(TARGET_NAME)";
				SWIFT_EMIT_LOC_STRINGS = YES;
				SWIFT_VERSION = 5.0;
				TARGETED_DEVICE_FAMILY = "1,2";
			};
			name = Debug;
		};
		39B74564295B7FEE000AACE1 /* Release */ = {
			isa = XCBuildConfiguration;
			baseConfigurationReference = 2A389867F1043C684F0106F9 /* Pods-ClvrtcTaskFour.release.xcconfig */;
			buildSettings = {
				ASSETCATALOG_COMPILER_APPICON_NAME = AppIcon;
				ASSETCATALOG_COMPILER_GLOBAL_ACCENT_COLOR_NAME = AccentColor;
				CODE_SIGN_STYLE = Automatic;
				CURRENT_PROJECT_VERSION = 1;
				DEVELOPMENT_TEAM = XPQ67UU8AY;
				GENERATE_INFOPLIST_FILE = YES;
				INFOPLIST_FILE = ClvrtcTaskFour/Resources/Info.plist;
				INFOPLIST_KEY_NSLocationWhenInUseUsageDescription = "This application requests access to your location";
				INFOPLIST_KEY_UIApplicationSupportsIndirectInputEvents = YES;
				INFOPLIST_KEY_UILaunchStoryboardName = LaunchScreen;
				INFOPLIST_KEY_UISupportedInterfaceOrientations_iPad = "UIInterfaceOrientationPortrait UIInterfaceOrientationPortraitUpsideDown UIInterfaceOrientationLandscapeLeft UIInterfaceOrientationLandscapeRight";
				INFOPLIST_KEY_UISupportedInterfaceOrientations_iPhone = "UIInterfaceOrientationPortrait UIInterfaceOrientationLandscapeLeft UIInterfaceOrientationLandscapeRight";
				LD_RUNPATH_SEARCH_PATHS = (
					"$(inherited)",
					"@executable_path/Frameworks",
				);
				MARKETING_VERSION = 1.0;
				PRODUCT_BUNDLE_IDENTIFIER = Clevertec.Beldeiko.ClvrtcTaskFour;
				PRODUCT_NAME = "$(TARGET_NAME)";
				SWIFT_EMIT_LOC_STRINGS = YES;
				SWIFT_VERSION = 5.0;
				TARGETED_DEVICE_FAMILY = "1,2";
			};
			name = Release;
		};
/* End XCBuildConfiguration section */

/* Begin XCConfigurationList section */
		39B74549295B7FED000AACE1 /* Build configuration list for PBXProject "ClvrtcTaskFour" */ = {
			isa = XCConfigurationList;
			buildConfigurations = (
				39B74560295B7FEE000AACE1 /* Debug */,
				39B74561295B7FEE000AACE1 /* Release */,
			);
			defaultConfigurationIsVisible = 0;
			defaultConfigurationName = Release;
		};
		39B74562295B7FEE000AACE1 /* Build configuration list for PBXNativeTarget "ClvrtcTaskFour" */ = {
			isa = XCConfigurationList;
			buildConfigurations = (
				39B74563295B7FEE000AACE1 /* Debug */,
				39B74564295B7FEE000AACE1 /* Release */,
			);
			defaultConfigurationIsVisible = 0;
			defaultConfigurationName = Release;
		};
/* End XCConfigurationList section */

/* Begin XCVersionGroup section */
		39C94BCD2978A3C6006AA200 /* ClvrtcTaskFourDataModel.xcdatamodeld */ = {
			isa = XCVersionGroup;
			children = (
				39C94BCE2978A3C6006AA200 /* ClvrtcTaskFourDataModel.xcdatamodel */,
			);
			currentVersion = 39C94BCE2978A3C6006AA200 /* ClvrtcTaskFourDataModel.xcdatamodel */;
			path = ClvrtcTaskFourDataModel.xcdatamodeld;
			sourceTree = "<group>";
			versionGroupType = wrapper.xcdatamodel;
		};
/* End XCVersionGroup section */
	};
	rootObject = 39B74546295B7FED000AACE1 /* Project object */;
}
